
Microsoft Visual Studio Solution File, Format Version 12.00
# Visual Studio 15
VisualStudioVersion = 15.0.27428.2011
MinimumVisualStudioVersion = 10.0.40219.1
Project("{FAE04EC0-301F-11D3-BF4B-00C04F79EFBC}") = "TestStorage", "TestStorage\TestStorage.csproj", "{6D23C3F6-BCEA-494C-BBA6-8A7DC5FD965E}"
EndProject
Global
	GlobalSection(SolutionConfigurationPlatforms) = preSolution
		Debug|Any CPU = Debug|Any CPU
		Release|Any CPU = Release|Any CPU
	EndGlobalSection
	GlobalSection(ProjectConfigurationPlatforms) = postSolution
		{6D23C3F6-BCEA-494C-BBA6-8A7DC5FD965E}.Debug|Any CPU.ActiveCfg = Debug|Any CPU
		{6D23C3F6-BCEA-494C-BBA6-8A7DC5FD965E}.Debug|Any CPU.Build.0 = Debug|Any CPU
		{6D23C3F6-BCEA-494C-BBA6-8A7DC5FD965E}.Release|Any CPU.ActiveCfg = Release|Any CPU
		{6D23C3F6-BCEA-494C-BBA6-8A7DC5FD965E}.Release|Any CPU.Build.0 = Release|Any CPU
	EndGlobalSection
	GlobalSection(SolutionProperties) = preSolution
		HideSolutionNode = FALSE
	EndGlobalSection
	GlobalSection(ExtensibilityGlobals) = postSolution
		SolutionGuid = {273B3CC7-6F56-4B36-AF48-F8073B5DDA80}
	EndGlobalSection
EndGlobal
